
Microsoft Visual Studio Solution File, Format Version 12.00
# Visual Studio Version 16
VisualStudioVersion = 16.0.29215.179
MinimumVisualStudioVersion = 10.0.40219.1
Project("{FAE04EC0-301F-11D3-BF4B-00C04F79EFBC}") = "AulProjectCollector", "AulProjectCollector\AulProjectCollector.csproj", "{16A9F18C-C586-4A9F-8351-E6738B20ACA8}"
EndProject
Global
	GlobalSection(SolutionConfigurationPlatforms) = preSolution
		Debug|Any CPU = Debug|Any CPU
		Release|Any CPU = Release|Any CPU
	EndGlobalSection
	GlobalSection(ProjectConfigurationPlatforms) = postSolution
		{16A9F18C-C586-4A9F-8351-E6738B20ACA8}.Debug|Any CPU.ActiveCfg = Debug|Any CPU
		{16A9F18C-C586-4A9F-8351-E6738B20ACA8}.Debug|Any CPU.Build.0 = Debug|Any CPU
		{16A9F18C-C586-4A9F-8351-E6738B20ACA8}.Release|Any CPU.ActiveCfg = Release|Any CPU
		{16A9F18C-C586-4A9F-8351-E6738B20ACA8}.Release|Any CPU.Build.0 = Release|Any CPU
	EndGlobalSection
	GlobalSection(SolutionProperties) = preSolution
		HideSolutionNode = FALSE
	EndGlobalSection
	GlobalSection(ExtensibilityGlobals) = postSolution
		SolutionGuid = {88A16093-EBE4-4577-80A3-297D4D5DAB8B}
	EndGlobalSection
EndGlobal
